
Microsoft Visual Studio Solution File, Format Version 11.00
# Visual Studio 2010
Project("{FAE04EC0-301F-11D3-BF4B-00C04F79EFBC}") = "SkypePop", "SkypePop.csproj", "{B6C5DE7B-4F8D-4213-8029-4F626ED8DD99}"
EndProject
Global
	GlobalSection(SolutionConfigurationPlatforms) = preSolution
		Debug|Any CPU = Debug|Any CPU
		Debug|x86 = Debug|x86
		Release|Any CPU = Release|Any CPU
		Release|x86 = Release|x86
	EndGlobalSection
	GlobalSection(ProjectConfigurationPlatforms) = postSolution
		{B6C5DE7B-4F8D-4213-8029-4F626ED8DD99}.Debug|Any CPU.ActiveCfg = Debug|Any CPU
		{B6C5DE7B-4F8D-4213-8029-4F626ED8DD99}.Debug|Any CPU.Build.0 = Debug|Any CPU
		{B6C5DE7B-4F8D-4213-8029-4F626ED8DD99}.Debug|x86.ActiveCfg = Debug|x86
		{B6C5DE7B-4F8D-4213-8029-4F626ED8DD99}.Debug|x86.Build.0 = Debug|x86
		{B6C5DE7B-4F8D-4213-8029-4F626ED8DD99}.Release|Any CPU.ActiveCfg = Release|Any CPU
		{B6C5DE7B-4F8D-4213-8029-4F626ED8DD99}.Release|Any CPU.Build.0 = Release|Any CPU
		{B6C5DE7B-4F8D-4213-8029-4F626ED8DD99}.Release|x86.ActiveCfg = Release|x86
		{B6C5DE7B-4F8D-4213-8029-4F626ED8DD99}.Release|x86.Build.0 = Release|x86
	EndGlobalSection
	GlobalSection(SolutionProperties) = preSolution
		HideSolutionNode = FALSE
	EndGlobalSection
EndGlobal
